
Microsoft Visual Studio Solution File, Format Version 12.00
# Visual Studio Version 16
VisualStudioVersion = 16.0.32901.82
MinimumVisualStudioVersion = 10.0.40219.1
Project("{FAE04EC0-301F-11D3-BF4B-00C04F79EFBC}") = "TestTask", "TestTask\TestTask.csproj", "{78F20366-000C-4119-A117-9844FE6BDCAB}"
EndProject
Global
	GlobalSection(SolutionConfigurationPlatforms) = preSolution
		Debug|Any CPU = Debug|Any CPU
		Release|Any CPU = Release|Any CPU
	EndGlobalSection
	GlobalSection(ProjectConfigurationPlatforms) = postSolution
		{78F20366-000C-4119-A117-9844FE6BDCAB}.Debug|Any CPU.ActiveCfg = Debug|Any CPU
		{78F20366-000C-4119-A117-9844FE6BDCAB}.Debug|Any CPU.Build.0 = Debug|Any CPU
		{78F20366-000C-4119-A117-9844FE6BDCAB}.Release|Any CPU.ActiveCfg = Release|Any CPU
		{78F20366-000C-4119-A117-9844FE6BDCAB}.Release|Any CPU.Build.0 = Release|Any CPU
	EndGlobalSection
	GlobalSection(SolutionProperties) = preSolution
		HideSolutionNode = FALSE
	EndGlobalSection
	GlobalSection(ExtensibilityGlobals) = postSolution
		SolutionGuid = {2D6E9665-B2B1-4774-AC36-02C3296A68F8}
	EndGlobalSection
EndGlobal
